lockfileVersion: '6.1'

settings:
  autoInstallPeers: true
  excludeLinksFromLockfile: false

dependencies:
  '@types/alpinejs':
    specifier: ^3.13.5
    version: 3.13.5

devDependencies:
  '@leanadmin/alpine-typescript':
    specifier: ^0.1.25
    version: 0.1.25
  alpinejs:
    specifier: ^3.13.3
    version: 3.13.3
  prettier:
    specifier: ^3.1.1
    version: 3.1.1
  prettier-plugin-tailwindcss:
    specifier: ^0.5.9
    version: 0.5.9(prettier@3.1.1)
  typescript:
    specifier: ^5.3.3
    version: 5.3.3

packages:

  /@leanadmin/alpine-typescript@0.1.25:
    resolution: {integrity: sha512-4rv+UA7BbCCZsubI9stt2qsakvPz0m5R6RRnwyUJLBQJjvhcDO/u368eo+5aKIxswb1+D+hjT4aPnCCZl843Ag==}
    dev: true

  /@types/alpinejs@3.13.5:
    resolution: {integrity: sha512-BSNTroRhmBkNiyd7ELK/5Boja92hnQMST6H4z1BqXKeMVzHjp9o1j5poqd5Tyhjd8oMFwxYC4I00eghfg2xrTA==}
    dev: false

  /@vue/reactivity@3.1.5:
    resolution: {integrity: sha512-1tdfLmNjWG6t/CsPldh+foumYFo3cpyCHgBYQ34ylaMsJ+SNHQ1kApMIa8jN+i593zQuaw3AdWH0nJTARzCFhg==}
    dependencies:
      '@vue/shared': 3.1.5
    dev: true

  /@vue/shared@3.1.5:
    resolution: {integrity: sha512-oJ4F3TnvpXaQwZJNF3ZK+kLPHKarDmJjJ6jyzVNDKH9md1dptjC7lWR//jrGuLdek/U6iltWxqAnYOu8gCiOvA==}
    dev: true

  /alpinejs@3.13.3:
    resolution: {integrity: sha512-WZ6WQjkAOl+WdW/jukzNHq9zHFDNKmkk/x6WF7WdyNDD6woinrfXCVsZXm0galjbco+pEpYmJLtwlZwcOfIVdg==}
    dependencies:
      '@vue/reactivity': 3.1.5
    dev: true

  /prettier-plugin-tailwindcss@0.5.9(prettier@3.1.1):
    resolution: {integrity: sha512-9x3t1s2Cjbut2QiP+O0mDqV3gLXTe2CgRlQDgucopVkUdw26sQi53p/q4qvGxMLBDfk/dcTV57Aa/zYwz9l8Ew==}
    engines: {node: '>=14.21.3'}
    peerDependencies:
      '@ianvs/prettier-plugin-sort-imports': '*'
      '@prettier/plugin-pug': '*'
      '@shopify/prettier-plugin-liquid': '*'
      '@trivago/prettier-plugin-sort-imports': '*'
      prettier: ^3.0
      prettier-plugin-astro: '*'
      prettier-plugin-css-order: '*'
      prettier-plugin-import-sort: '*'
      prettier-plugin-jsdoc: '*'
      prettier-plugin-marko: '*'
      prettier-plugin-organize-attributes: '*'
      prettier-plugin-organize-imports: '*'
      prettier-plugin-style-order: '*'
      prettier-plugin-svelte: '*'
      prettier-plugin-twig-melody: '*'
    peerDependenciesMeta:
      '@ianvs/prettier-plugin-sort-imports':
        optional: true
      '@prettier/plugin-pug':
        optional: true
      '@shopify/prettier-plugin-liquid':
        optional: true
      '@trivago/prettier-plugin-sort-imports':
        optional: true
      prettier-plugin-astro:
        optional: true
      prettier-plugin-css-order:
        optional: true
      prettier-plugin-import-sort:
        optional: true
      prettier-plugin-jsdoc:
        optional: true
      prettier-plugin-marko:
        optional: true
      prettier-plugin-organize-attributes:
        optional: true
      prettier-plugin-organize-imports:
        optional: true
      prettier-plugin-style-order:
        optional: true
      prettier-plugin-svelte:
        optional: true
      prettier-plugin-twig-melody:
        optional: true
    dependencies:
      prettier: 3.1.1
    dev: true

  /prettier@3.1.1:
    resolution: {integrity: sha512-22UbSzg8luF4UuZtzgiUOfcGM8s4tjBv6dJRT7j275NXsy2jb4aJa4NNveul5x4eqlF1wuhuR2RElK71RvmVaw==}
    engines: {node: '>=14'}
    hasBin: true
    dev: true

  /typescript@5.3.3:
    resolution: {integrity: sha512-pXWcraxM0uxAS+tN0AG/BF2TyqmHO014Z070UsJ+pFvYuRSq8KH8DmWpnbXe0pEPDHXZV3FcAbJkijJ5oNEnWw==}
    engines: {node: '>=14.17'}
    hasBin: true
    dev: true
